
Microsoft Visual Studio Solution File, Format Version 12.00
# Visual Studio Version 17
VisualStudioVersion = 17.8.34330.188
MinimumVisualStudioVersion = 10.0.40219.1
Project("{9A19103F-16F7-4668-BE54-9A1E7A4F7556}") = "SdA.Games.RPG.UI.Console", "SdA.Games.RPG.UI.Console\SdA.Games.RPG.UI.Console.csproj", "{24E10719-E04F-442A-BC28-C6EE64EFD334}"
EndProject
Project("{2150E333-8FDC-42A3-9474-1A3956D46DE8}") = "Olds", "Olds", "{1D6B0C58-D7CA-4040-8C8A-891DC0736BCB}"
EndProject
Project("{9A19103F-16F7-4668-BE54-9A1E7A4F7556}") = "OldConsole", "OldConsole\OldConsole.csproj", "{0818B16B-A8EE-4687-8B1D-B7FE29AD7B24}"
EndProject
Project("{2150E333-8FDC-42A3-9474-1A3956D46DE8}") = "Apprentissages", "Apprentissages", "{E8DAB8A7-3B01-49FE-9E3F-C80904215D90}"
EndProject
Project("{9A19103F-16F7-4668-BE54-9A1E7A4F7556}") = "DecouvertePOO", "DecouvertePOO\DecouvertePOO.csproj", "{CB005D29-7680-4582-B690-5096E8FD4796}"
EndProject
Project("{2150E333-8FDC-42A3-9474-1A3956D46DE8}") = "Libs", "Libs", "{C7203BBE-AC2D-4070-B4A9-3C831B09B46D}"
EndProject
Project("{9A19103F-16F7-4668-BE54-9A1E7A4F7556}") = "SdA.Games.RPG.Core.Models", "SdA.Games.RPG.Core.Models\SdA.Games.RPG.Core.Models.csproj", "{71D3B6A0-9366-4477-8713-5B3D5F1C5172}"
EndProject
Project("{9A19103F-16F7-4668-BE54-9A1E7A4F7556}") = "SdA.Games.RPG.Core.GamePlays", "SdA.Games.RPG.Core.GamePlays\SdA.Games.RPG.Core.GamePlays.csproj", "{66A12C25-4A02-4D65-8570-46C6EC8DA5A7}"
EndProject
Project("{2150E333-8FDC-42A3-9474-1A3956D46DE8}") = "Tests et essais", "Tests et essais", "{B145FCFD-3C64-4D8A-8A9C-DEC4FF1913AD}"
EndProject
Project("{9A19103F-16F7-4668-BE54-9A1E7A4F7556}") = "GamePlays.Tests.Combats.Consoles.UI", "GamePlays.Tests.Combats.Consoles.UI\GamePlays.Tests.Combats.Consoles.UI.csproj", "{0C5AD617-B385-452D-9199-522D716E432F}"
EndProject
Project("{9A19103F-16F7-4668-BE54-9A1E7A4F7556}") = "DecouverteDelegues", "DecouverteDelegues\DecouverteDelegues.csproj", "{EF6E275F-A911-4F7E-813F-E21525550813}"
EndProject
Project("{9A19103F-16F7-4668-BE54-9A1E7A4F7556}") = "CalculTVA", "CalculTVA\CalculTVA.csproj", "{9A826779-1BC1-4EEE-B3A9-55A96F5C05E3}"
EndProject
Project("{9A19103F-16F7-4668-BE54-9A1E7A4F7556}") = "ComptabiliteEssai", "ComptabiliteEssai\ComptabiliteEssai.csproj", "{FEEC6ABF-BF7C-4BD2-B691-C348A7B25E28}"
EndProject
Project("{FAE04EC0-301F-11D3-BF4B-00C04F79EFBC}") = "SdA.Games.RPG.Core.Presentations", "SdA.Games.RPG.Core.Presentations\SdA.Games.RPG.Core.Presentations.csproj", "{15FD10A3-2D7E-49C4-ACC9-F90CFFB48281}"
EndProject
Project("{FAE04EC0-301F-11D3-BF4B-00C04F79EFBC}") = "SdA.Games.RPG.Tests", "SdA.Games.RPG.Tests\SdA.Games.RPG.Tests.csproj", "{02300A8A-9FDF-4F22-894E-B0AF40FFDF1E}"
EndProject
Project("{FAE04EC0-301F-11D3-BF4B-00C04F79EFBC}") = "SdA.Games.RPG.Consoles.UI", "SdA.Games.RPG.Consoles.UI\SdA.Games.RPG.Consoles.UI.csproj", "{C0ECF49E-F638-4729-BBF0-9AA21FF36FE3}"
EndProject
Global
	GlobalSection(SolutionConfigurationPlatforms) = preSolution
		Debug|Any CPU = Debug|Any CPU
		Release|Any CPU = Release|Any CPU
	EndGlobalSection
	GlobalSection(ProjectConfigurationPlatforms) = postSolution
		{24E10719-E04F-442A-BC28-C6EE64EFD334}.Debug|Any CPU.ActiveCfg = Debug|Any CPU
		{24E10719-E04F-442A-BC28-C6EE64EFD334}.Debug|Any CPU.Build.0 = Debug|Any CPU
		{24E10719-E04F-442A-BC28-C6EE64EFD334}.Release|Any CPU.ActiveCfg = Release|Any CPU
		{24E10719-E04F-442A-BC28-C6EE64EFD334}.Release|Any CPU.Build.0 = Release|Any CPU
		{0818B16B-A8EE-4687-8B1D-B7FE29AD7B24}.Debug|Any CPU.ActiveCfg = Debug|Any CPU
		{0818B16B-A8EE-4687-8B1D-B7FE29AD7B24}.Debug|Any CPU.Build.0 = Debug|Any CPU
		{0818B16B-A8EE-4687-8B1D-B7FE29AD7B24}.Release|Any CPU.ActiveCfg = Release|Any CPU
		{0818B16B-A8EE-4687-8B1D-B7FE29AD7B24}.Release|Any CPU.Build.0 = Release|Any CPU
		{CB005D29-7680-4582-B690-5096E8FD4796}.Debug|Any CPU.ActiveCfg = Debug|Any CPU
		{CB005D29-7680-4582-B690-5096E8FD4796}.Debug|Any CPU.Build.0 = Debug|Any CPU
		{CB005D29-7680-4582-B690-5096E8FD4796}.Release|Any CPU.ActiveCfg = Release|Any CPU
		{CB005D29-7680-4582-B690-5096E8FD4796}.Release|Any CPU.Build.0 = Release|Any CPU
		{71D3B6A0-9366-4477-8713-5B3D5F1C5172}.Debug|Any CPU.ActiveCfg = Debug|Any CPU
		{71D3B6A0-9366-4477-8713-5B3D5F1C5172}.Debug|Any CPU.Build.0 = Debug|Any CPU
		{71D3B6A0-9366-4477-8713-5B3D5F1C5172}.Release|Any CPU.ActiveCfg = Release|Any CPU
		{71D3B6A0-9366-4477-8713-5B3D5F1C5172}.Release|Any CPU.Build.0 = Release|Any CPU
		{66A12C25-4A02-4D65-8570-46C6EC8DA5A7}.Debug|Any CPU.ActiveCfg = Debug|Any CPU
		{66A12C25-4A02-4D65-8570-46C6EC8DA5A7}.Debug|Any CPU.Build.0 = Debug|Any CPU
		{66A12C25-4A02-4D65-8570-46C6EC8DA5A7}.Release|Any CPU.ActiveCfg = Release|Any CPU
		{66A12C25-4A02-4D65-8570-46C6EC8DA5A7}.Release|Any CPU.Build.0 = Release|Any CPU
		{0C5AD617-B385-452D-9199-522D716E432F}.Debug|Any CPU.ActiveCfg = Debug|Any CPU
		{0C5AD617-B385-452D-9199-522D716E432F}.Debug|Any CPU.Build.0 = Debug|Any CPU
		{0C5AD617-B385-452D-9199-522D716E432F}.Release|Any CPU.ActiveCfg = Release|Any CPU
		{0C5AD617-B385-452D-9199-522D716E432F}.Release|Any CPU.Build.0 = Release|Any CPU
		{EF6E275F-A911-4F7E-813F-E21525550813}.Debug|Any CPU.ActiveCfg = Debug|Any CPU
		{EF6E275F-A911-4F7E-813F-E21525550813}.Debug|Any CPU.Build.0 = Debug|Any CPU
		{EF6E275F-A911-4F7E-813F-E21525550813}.Release|Any CPU.ActiveCfg = Release|Any CPU
		{EF6E275F-A911-4F7E-813F-E21525550813}.Release|Any CPU.Build.0 = Release|Any CPU
		{9A826779-1BC1-4EEE-B3A9-55A96F5C05E3}.Debug|Any CPU.ActiveCfg = Debug|Any CPU
		{9A826779-1BC1-4EEE-B3A9-55A96F5C05E3}.Debug|Any CPU.Build.0 = Debug|Any CPU
		{9A826779-1BC1-4EEE-B3A9-55A96F5C05E3}.Release|Any CPU.ActiveCfg = Release|Any CPU
		{9A826779-1BC1-4EEE-B3A9-55A96F5C05E3}.Release|Any CPU.Build.0 = Release|Any CPU
		{FEEC6ABF-BF7C-4BD2-B691-C348A7B25E28}.Debug|Any CPU.ActiveCfg = Debug|Any CPU
		{FEEC6ABF-BF7C-4BD2-B691-C348A7B25E28}.Debug|Any CPU.Build.0 = Debug|Any CPU
		{FEEC6ABF-BF7C-4BD2-B691-C348A7B25E28}.Release|Any CPU.ActiveCfg = Release|Any CPU
		{FEEC6ABF-BF7C-4BD2-B691-C348A7B25E28}.Release|Any CPU.Build.0 = Release|Any CPU
		{15FD10A3-2D7E-49C4-ACC9-F90CFFB48281}.Debug|Any CPU.ActiveCfg = Debug|Any CPU
		{15FD10A3-2D7E-49C4-ACC9-F90CFFB48281}.Debug|Any CPU.Build.0 = Debug|Any CPU
		{15FD10A3-2D7E-49C4-ACC9-F90CFFB48281}.Release|Any CPU.ActiveCfg = Release|Any CPU
		{15FD10A3-2D7E-49C4-ACC9-F90CFFB48281}.Release|Any CPU.Build.0 = Release|Any CPU
		{02300A8A-9FDF-4F22-894E-B0AF40FFDF1E}.Debug|Any CPU.ActiveCfg = Debug|Any CPU
		{02300A8A-9FDF-4F22-894E-B0AF40FFDF1E}.Debug|Any CPU.Build.0 = Debug|Any CPU
		{02300A8A-9FDF-4F22-894E-B0AF40FFDF1E}.Release|Any CPU.ActiveCfg = Release|Any CPU
		{02300A8A-9FDF-4F22-894E-B0AF40FFDF1E}.Release|Any CPU.Build.0 = Release|Any CPU
		{C0ECF49E-F638-4729-BBF0-9AA21FF36FE3}.Debug|Any CPU.ActiveCfg = Debug|Any CPU
		{C0ECF49E-F638-4729-BBF0-9AA21FF36FE3}.Debug|Any CPU.Build.0 = Debug|Any CPU
		{C0ECF49E-F638-4729-BBF0-9AA21FF36FE3}.Release|Any CPU.ActiveCfg = Release|Any CPU
		{C0ECF49E-F638-4729-BBF0-9AA21FF36FE3}.Release|Any CPU.Build.0 = Release|Any CPU
	EndGlobalSection
	GlobalSection(SolutionProperties) = preSolution
		HideSolutionNode = FALSE
	EndGlobalSection
	GlobalSection(NestedProjects) = preSolution
		{0818B16B-A8EE-4687-8B1D-B7FE29AD7B24} = {1D6B0C58-D7CA-4040-8C8A-891DC0736BCB}
		{CB005D29-7680-4582-B690-5096E8FD4796} = {E8DAB8A7-3B01-49FE-9E3F-C80904215D90}
		{71D3B6A0-9366-4477-8713-5B3D5F1C5172} = {C7203BBE-AC2D-4070-B4A9-3C831B09B46D}
		{66A12C25-4A02-4D65-8570-46C6EC8DA5A7} = {C7203BBE-AC2D-4070-B4A9-3C831B09B46D}
		{0C5AD617-B385-452D-9199-522D716E432F} = {B145FCFD-3C64-4D8A-8A9C-DEC4FF1913AD}
		{EF6E275F-A911-4F7E-813F-E21525550813} = {E8DAB8A7-3B01-49FE-9E3F-C80904215D90}
		{9A826779-1BC1-4EEE-B3A9-55A96F5C05E3} = {E8DAB8A7-3B01-49FE-9E3F-C80904215D90}
		{FEEC6ABF-BF7C-4BD2-B691-C348A7B25E28} = {E8DAB8A7-3B01-49FE-9E3F-C80904215D90}
		{15FD10A3-2D7E-49C4-ACC9-F90CFFB48281} = {C7203BBE-AC2D-4070-B4A9-3C831B09B46D}
		{02300A8A-9FDF-4F22-894E-B0AF40FFDF1E} = {B145FCFD-3C64-4D8A-8A9C-DEC4FF1913AD}
		{C0ECF49E-F638-4729-BBF0-9AA21FF36FE3} = {B145FCFD-3C64-4D8A-8A9C-DEC4FF1913AD}
	EndGlobalSection
	GlobalSection(ExtensibilityGlobals) = postSolution
		SolutionGuid = {9CB88C45-069F-474E-8C20-EF388ABC85EC}
	EndGlobalSection
EndGlobal
